
Microsoft Visual Studio Solution File, Format Version 12.00
# Visual Studio Version 16
VisualStudioVersion = 16.0.31624.102
MinimumVisualStudioVersion = 10.0.40219.1
Project("{8BC9CEB8-8B4A-11D0-8D11-00A0C91BC942}") = "lab1", "lab1\lab1.vcxproj", "{F6A99008-DD11-4894-8851-BBEE32876490}"
EndProject
Project("{888888A0-9F3D-457C-B088-3A5042F75D52}") = "lab1Py", "lab1Py\lab1Py.pyproj", "{560E1514-AEB1-4079-8914-628F7340545C}"
EndProject
Project("{8BC9CEB8-8B4A-11D0-8D11-00A0C91BC942}") = "lab2", "lab2\lab2.vcxproj", "{DBA7B56E-F24A-4912-A5F0-A727C5988041}"
EndProject
Project("{888888A0-9F3D-457C-B088-3A5042F75D52}") = "lab2Py", "lab2Py\lab2Py.pyproj", "{5A861E2F-38A1-4B1D-8941-57CB74DF4998}"
EndProject
Project("{8BC9CEB8-8B4A-11D0-8D11-00A0C91BC942}") = "lab3", "lab3\lab3.vcxproj", "{18281CB0-8A60-4BB4-8B6B-ABE5EE984556}"
EndProject
Project("{8BC9CEB8-8B4A-11D0-8D11-00A0C91BC942}") = "lab4", "lab4\lab4.vcxproj", "{31E0727B-1F10-427C-A2AB-69D45D2E8AA2}"
EndProject
Project("{888888A0-9F3D-457C-B088-3A5042F75D52}") = "lab4Py", "lab4Py\lab4Py.pyproj", "{E69ECE88-5368-485E-B086-FB4519B78B54}"
EndProject
Project("{8BC9CEB8-8B4A-11D0-8D11-00A0C91BC942}") = "lab5", "lab5\lab5.vcxproj", "{B4D4D00B-ABB4-418E-883B-5F23D94DA0B3}"
EndProject
Project("{888888A0-9F3D-457C-B088-3A5042F75D52}") = "lab5Py", "lab5Py\lab5Py.pyproj", "{4B14CBE7-E0C3-414C-80B4-062172C0FB2F}"
EndProject
Global
	GlobalSection(SolutionConfigurationPlatforms) = preSolution
		Debug|Any CPU = Debug|Any CPU
		Debug|x64 = Debug|x64
		Debug|x86 = Debug|x86
		Release|Any CPU = Release|Any CPU
		Release|x64 = Release|x64
		Release|x86 = Release|x86
	EndGlobalSection
	GlobalSection(ProjectConfigurationPlatforms) = postSolution
		{F6A99008-DD11-4894-8851-BBEE32876490}.Debug|Any CPU.ActiveCfg = Debug|Win32
		{F6A99008-DD11-4894-8851-BBEE32876490}.Debug|x64.ActiveCfg = Debug|x64
		{F6A99008-DD11-4894-8851-BBEE32876490}.Debug|x64.Build.0 = Debug|x64
		{F6A99008-DD11-4894-8851-BBEE32876490}.Debug|x86.ActiveCfg = Debug|Win32
		{F6A99008-DD11-4894-8851-BBEE32876490}.Debug|x86.Build.0 = Debug|Win32
		{F6A99008-DD11-4894-8851-BBEE32876490}.Release|Any CPU.ActiveCfg = Release|Win32
		{F6A99008-DD11-4894-8851-BBEE32876490}.Release|x64.ActiveCfg = Release|x64
		{F6A99008-DD11-4894-8851-BBEE32876490}.Release|x64.Build.0 = Release|x64
		{F6A99008-DD11-4894-8851-BBEE32876490}.Release|x86.ActiveCfg = Release|Win32
		{F6A99008-DD11-4894-8851-BBEE32876490}.Release|x86.Build.0 = Release|Win32
		{560E1514-AEB1-4079-8914-628F7340545C}.Debug|Any CPU.ActiveCfg = Debug|Any CPU
		{560E1514-AEB1-4079-8914-628F7340545C}.Debug|x64.ActiveCfg = Debug|Any CPU
		{560E1514-AEB1-4079-8914-628F7340545C}.Debug|x86.ActiveCfg = Debug|Any CPU
		{560E1514-AEB1-4079-8914-628F7340545C}.Release|Any CPU.ActiveCfg = Release|Any CPU
		{560E1514-AEB1-4079-8914-628F7340545C}.Release|x64.ActiveCfg = Release|Any CPU
		{560E1514-AEB1-4079-8914-628F7340545C}.Release|x86.ActiveCfg = Release|Any CPU
		{DBA7B56E-F24A-4912-A5F0-A727C5988041}.Debug|Any CPU.ActiveCfg = Debug|Win32
		{DBA7B56E-F24A-4912-A5F0-A727C5988041}.Debug|x64.ActiveCfg = Debug|x64
		{DBA7B56E-F24A-4912-A5F0-A727C5988041}.Debug|x64.Build.0 = Debug|x64
		{DBA7B56E-F24A-4912-A5F0-A727C5988041}.Debug|x86.ActiveCfg = Debug|Win32
		{DBA7B56E-F24A-4912-A5F0-A727C5988041}.Debug|x86.Build.0 = Debug|Win32
		{DBA7B56E-F24A-4912-A5F0-A727C5988041}.Release|Any CPU.ActiveCfg = Release|Win32
		{DBA7B56E-F24A-4912-A5F0-A727C5988041}.Release|x64.ActiveCfg = Release|x64
		{DBA7B56E-F24A-4912-A5F0-A727C5988041}.Release|x64.Build.0 = Release|x64
		{DBA7B56E-F24A-4912-A5F0-A727C5988041}.Release|x86.ActiveCfg = Release|Win32
		{DBA7B56E-F24A-4912-A5F0-A727C5988041}.Release|x86.Build.0 = Release|Win32
		{5A861E2F-38A1-4B1D-8941-57CB74DF4998}.Debug|Any CPU.ActiveCfg = Debug|Any CPU
		{5A861E2F-38A1-4B1D-8941-57CB74DF4998}.Debug|x64.ActiveCfg = Debug|Any CPU
		{5A861E2F-38A1-4B1D-8941-57CB74DF4998}.Debug|x86.ActiveCfg = Debug|Any CPU
		{5A861E2F-38A1-4B1D-8941-57CB74DF4998}.Release|Any CPU.ActiveCfg = Release|Any CPU
		{5A861E2F-38A1-4B1D-8941-57CB74DF4998}.Release|x64.ActiveCfg = Release|Any CPU
		{5A861E2F-38A1-4B1D-8941-57CB74DF4998}.Release|x86.ActiveCfg = Release|Any CPU
		{18281CB0-8A60-4BB4-8B6B-ABE5EE984556}.Debug|Any CPU.ActiveCfg = Debug|Win32
		{18281CB0-8A60-4BB4-8B6B-ABE5EE984556}.Debug|x64.ActiveCfg = Debug|x64
		{18281CB0-8A60-4BB4-8B6B-ABE5EE984556}.Debug|x64.Build.0 = Debug|x64
		{18281CB0-8A60-4BB4-8B6B-ABE5EE984556}.Debug|x86.ActiveCfg = Debug|Win32
		{18281CB0-8A60-4BB4-8B6B-ABE5EE984556}.Debug|x86.Build.0 = Debug|Win32
		{18281CB0-8A60-4BB4-8B6B-ABE5EE984556}.Release|Any CPU.ActiveCfg = Release|Win32
		{18281CB0-8A60-4BB4-8B6B-ABE5EE984556}.Release|x64.ActiveCfg = Release|x64
		{18281CB0-8A60-4BB4-8B6B-ABE5EE984556}.Release|x64.Build.0 = Release|x64
		{18281CB0-8A60-4BB4-8B6B-ABE5EE984556}.Release|x86.ActiveCfg = Release|Win32
		{18281CB0-8A60-4BB4-8B6B-ABE5EE984556}.Release|x86.Build.0 = Release|Win32
		{31E0727B-1F10-427C-A2AB-69D45D2E8AA2}.Debug|Any CPU.ActiveCfg = Debug|Win32
		{31E0727B-1F10-427C-A2AB-69D45D2E8AA2}.Debug|x64.ActiveCfg = Debug|x64
		{31E0727B-1F10-427C-A2AB-69D45D2E8AA2}.Debug|x64.Build.0 = Debug|x64
		{31E0727B-1F10-427C-A2AB-69D45D2E8AA2}.Debug|x86.ActiveCfg = Debug|Win32
		{31E0727B-1F10-427C-A2AB-69D45D2E8AA2}.Debug|x86.Build.0 = Debug|Win32
		{31E0727B-1F10-427C-A2AB-69D45D2E8AA2}.Release|Any CPU.ActiveCfg = Release|Win32
		{31E0727B-1F10-427C-A2AB-69D45D2E8AA2}.Release|x64.ActiveCfg = Release|x64
		{31E0727B-1F10-427C-A2AB-69D45D2E8AA2}.Release|x64.Build.0 = Release|x64
		{31E0727B-1F10-427C-A2AB-69D45D2E8AA2}.Release|x86.ActiveCfg = Release|Win32
		{31E0727B-1F10-427C-A2AB-69D45D2E8AA2}.Release|x86.Build.0 = Release|Win32
		{E69ECE88-5368-485E-B086-FB4519B78B54}.Debug|Any CPU.ActiveCfg = Debug|Any CPU
		{E69ECE88-5368-485E-B086-FB4519B78B54}.Debug|x64.ActiveCfg = Debug|Any CPU
		{E69ECE88-5368-485E-B086-FB4519B78B54}.Debug|x86.ActiveCfg = Debug|Any CPU
		{E69ECE88-5368-485E-B086-FB4519B78B54}.Release|Any CPU.ActiveCfg = Release|Any CPU
		{E69ECE88-5368-485E-B086-FB4519B78B54}.Release|x64.ActiveCfg = Release|Any CPU
		{E69ECE88-5368-485E-B086-FB4519B78B54}.Release|x86.ActiveCfg = Release|Any CPU
		{B4D4D00B-ABB4-418E-883B-5F23D94DA0B3}.Debug|Any CPU.ActiveCfg = Debug|Win32
		{B4D4D00B-ABB4-418E-883B-5F23D94DA0B3}.Debug|x64.ActiveCfg = Debug|x64
		{B4D4D00B-ABB4-418E-883B-5F23D94DA0B3}.Debug|x64.Build.0 = Debug|x64
		{B4D4D00B-ABB4-418E-883B-5F23D94DA0B3}.Debug|x86.ActiveCfg = Debug|Win32
		{B4D4D00B-ABB4-418E-883B-5F23D94DA0B3}.Debug|x86.Build.0 = Debug|Win32
		{B4D4D00B-ABB4-418E-883B-5F23D94DA0B3}.Release|Any CPU.ActiveCfg = Release|Win32
		{B4D4D00B-ABB4-418E-883B-5F23D94DA0B3}.Release|x64.ActiveCfg = Release|x64
		{B4D4D00B-ABB4-418E-883B-5F23D94DA0B3}.Release|x64.Build.0 = Release|x64
		{B4D4D00B-ABB4-418E-883B-5F23D94DA0B3}.Release|x86.ActiveCfg = Release|Win32
		{B4D4D00B-ABB4-418E-883B-5F23D94DA0B3}.Release|x86.Build.0 = Release|Win32
		{4B14CBE7-E0C3-414C-80B4-062172C0FB2F}.Debug|Any CPU.ActiveCfg = Debug|Any CPU
		{4B14CBE7-E0C3-414C-80B4-062172C0FB2F}.Debug|x64.ActiveCfg = Debug|Any CPU
		{4B14CBE7-E0C3-414C-80B4-062172C0FB2F}.Debug|x86.ActiveCfg = Debug|Any CPU
		{4B14CBE7-E0C3-414C-80B4-062172C0FB2F}.Release|Any CPU.ActiveCfg = Release|Any CPU
		{4B14CBE7-E0C3-414C-80B4-062172C0FB2F}.Release|x64.ActiveCfg = Release|Any CPU
		{4B14CBE7-E0C3-414C-80B4-062172C0FB2F}.Release|x86.ActiveCfg = Release|Any CPU
	EndGlobalSection
	GlobalSection(SolutionProperties) = preSolution
		HideSolutionNode = FALSE
	EndGlobalSection
	GlobalSection(ExtensibilityGlobals) = postSolution
		SolutionGuid = {D873C7B7-512F-4235-8AE4-C6F976003B5A}
	EndGlobalSection
EndGlobal
